// !$*UTF8*$!
{
	archiveVersion = 1;
	classes = {
	};
	objectVersion = 56;
	objects = {

/* Begin PBXBuildFile section */
		4513EDB42AD3C52100939A6E /* AppDelegate.swift in Sources */ = {isa = PBXBuildFile; fileRef = 4513EDB32AD3C52100939A6E /* AppDelegate.swift */; };
		4513EDB62AD3C52100939A6E /* SceneDelegate.swift in Sources */ = {isa = PBXBuildFile; fileRef = 4513EDB52AD3C52100939A6E /* SceneDelegate.swift */; };
		4513EDB82AD3C52100939A6E /* PDFListViewController.swift in Sources */ = {isa = PBXBuildFile; fileRef = 4513EDB72AD3C52100939A6E /* PDFListViewController.swift */; };
		4513EDBD2AD3C52200939A6E /* Assets.xcassets in Resources */ = {isa = PBXBuildFile; fileRef = 4513EDBC2AD3C52200939A6E /* Assets.xcassets */; };
		4513EDC02AD3C52200939A6E /* LaunchScreen.storyboard in Resources */ = {isa = PBXBuildFile; fileRef = 4513EDBE2AD3C52200939A6E /* LaunchScreen.storyboard */; };
		4513EDD32AD3EC1300939A6E /* PDFListCell.swift in Sources */ = {isa = PBXBuildFile; fileRef = 4513EDD22AD3EC1300939A6E /* PDFListCell.swift */; };
		4582B8952AD53A6400AF5EF4 /* PDFDetailViewController.swift in Sources */ = {isa = PBXBuildFile; fileRef = 4582B8942AD53A6400AF5EF4 /* PDFDetailViewController.swift */; };
		4582B8992AD56D6E00AF5EF4 /* PDFData.swift in Sources */ = {isa = PBXBuildFile; fileRef = 4582B8982AD56D6E00AF5EF4 /* PDFData.swift */; };
		4582B89C2AD56EB700AF5EF4 /* PDFViewerUseCase.swift in Sources */ = {isa = PBXBuildFile; fileRef = 4582B89B2AD56EB700AF5EF4 /* PDFViewerUseCase.swift */; };
		4582B8A02AD5707C00AF5EF4 /* PDFListViewModel.swift in Sources */ = {isa = PBXBuildFile; fileRef = 4582B89F2AD5707C00AF5EF4 /* PDFListViewModel.swift */; };
		4582B8A32AD639A200AF5EF4 /* PDFViewerCoordinator.swift in Sources */ = {isa = PBXBuildFile; fileRef = 4582B8A22AD639A200AF5EF4 /* PDFViewerCoordinator.swift */; };
		4582B8A62AD66D0A00AF5EF4 /* PDFDataError.swift in Sources */ = {isa = PBXBuildFile; fileRef = 4582B8A52AD66D0A00AF5EF4 /* PDFDataError.swift */; };
		4582B8AA2AD688A400AF5EF4 /* UIAlertController+.swift in Sources */ = {isa = PBXBuildFile; fileRef = 4582B8A92AD688A400AF5EF4 /* UIAlertController+.swift */; };
		4582B8AC2AD68F5300AF5EF4 /* PDFDetailViewModel.swift in Sources */ = {isa = PBXBuildFile; fileRef = 4582B8AB2AD68F5300AF5EF4 /* PDFDetailViewModel.swift */; };
/* End PBXBuildFile section */

/* Begin PBXFileReference section */
		4513EDB02AD3C52100939A6E /* PDFViewer.app */ = {isa = PBXFileReference; explicitFileType = wrapper.application; includeInIndex = 0; path = PDFViewer.app; sourceTree = BUILT_PRODUCTS_DIR; };
		4513EDB32AD3C52100939A6E /* AppDelegate.swift */ = {isa = PBXFileReference; lastKnownFileType = sourcecode.swift; path = AppDelegate.swift; sourceTree = "<group>"; };
		4513EDB52AD3C52100939A6E /* SceneDelegate.swift */ = {isa = PBXFileReference; lastKnownFileType = sourcecode.swift; path = SceneDelegate.swift; sourceTree = "<group>"; };
		4513EDB72AD3C52100939A6E /* PDFListViewController.swift */ = {isa = PBXFileReference; lastKnownFileType = sourcecode.swift; path = PDFListViewController.swift; sourceTree = "<group>"; };
		4513EDBC2AD3C52200939A6E /* Assets.xcassets */ = {isa = PBXFileReference; lastKnownFileType = folder.assetcatalog; path = Assets.xcassets; sourceTree = "<group>"; };
		4513EDBF2AD3C52200939A6E /* Base */ = {isa = PBXFileReference; lastKnownFileType = file.storyboard; name = Base; path = Base.lproj/LaunchScreen.storyboard; sourceTree = "<group>"; };
		4513EDC12AD3C52200939A6E /* Info.plist */ = {isa = PBXFileReference; lastKnownFileType = text.plist.xml; path = Info.plist; sourceTree = "<group>"; };
		4513EDC82AD3C90600939A6E /* .swiftlint.yml */ = {isa = PBXFileReference; lastKnownFileType = text.yaml; path = .swiftlint.yml; sourceTree = "<group>"; };
		4513EDD22AD3EC1300939A6E /* PDFListCell.swift */ = {isa = PBXFileReference; lastKnownFileType = sourcecode.swift; path = PDFListCell.swift; sourceTree = "<group>"; };
		4582B8942AD53A6400AF5EF4 /* PDFDetailViewController.swift */ = {isa = PBXFileReference; lastKnownFileType = sourcecode.swift; path = PDFDetailViewController.swift; sourceTree = "<group>"; };
		4582B8982AD56D6E00AF5EF4 /* PDFData.swift */ = {isa = PBXFileReference; lastKnownFileType = sourcecode.swift; path = PDFData.swift; sourceTree = "<group>"; };
		4582B89B2AD56EB700AF5EF4 /* PDFViewerUseCase.swift */ = {isa = PBXFileReference; lastKnownFileType = sourcecode.swift; path = PDFViewerUseCase.swift; sourceTree = "<group>"; };
		4582B89F2AD5707C00AF5EF4 /* PDFListViewModel.swift */ = {isa = PBXFileReference; lastKnownFileType = sourcecode.swift; path = PDFListViewModel.swift; sourceTree = "<group>"; };
		4582B8A22AD639A200AF5EF4 /* PDFViewerCoordinator.swift */ = {isa = PBXFileReference; lastKnownFileType = sourcecode.swift; path = PDFViewerCoordinator.swift; sourceTree = "<group>"; };
		4582B8A52AD66D0A00AF5EF4 /* PDFDataError.swift */ = {isa = PBXFileReference; lastKnownFileType = sourcecode.swift; path = PDFDataError.swift; sourceTree = "<group>"; };
		4582B8A92AD688A400AF5EF4 /* UIAlertController+.swift */ = {isa = PBXFileReference; lastKnownFileType = sourcecode.swift; path = "UIAlertController+.swift"; sourceTree = "<group>"; };
		4582B8AB2AD68F5300AF5EF4 /* PDFDetailViewModel.swift */ = {isa = PBXFileReference; lastKnownFileType = sourcecode.swift; path = PDFDetailViewModel.swift; sourceTree = "<group>"; };
/* End PBXFileReference section */

/* Begin PBXFrameworksBuildPhase section */
		4513EDAD2AD3C52100939A6E /* Frameworks */ = {
			isa = PBXFrameworksBuildPhase;
			buildActionMask = 2147483647;
			files = (
			);
			runOnlyForDeploymentPostprocessing = 0;
		};
/* End PBXFrameworksBuildPhase section */

/* Begin PBXGroup section */
		4513EDA72AD3C52100939A6E = {
			isa = PBXGroup;
			children = (
				4513EDC82AD3C90600939A6E /* .swiftlint.yml */,
				4513EDB22AD3C52100939A6E /* PDFViewer */,
				4513EDB12AD3C52100939A6E /* Products */,
			);
			sourceTree = "<group>";
		};
		4513EDB12AD3C52100939A6E /* Products */ = {
			isa = PBXGroup;
			children = (
				4513EDB02AD3C52100939A6E /* PDFViewer.app */,
			);
			name = Products;
			sourceTree = "<group>";
		};
		4513EDB22AD3C52100939A6E /* PDFViewer */ = {
			isa = PBXGroup;
			children = (
				4513EDC92AD3D95200939A6E /* Application */,
				4582B8962AD56D4E00AF5EF4 /* Domain */,
				4513EDCA2AD3D97700939A6E /* Presentation */,
				4582B8A42AD66CE400AF5EF4 /* Error */,
				4582B8A72AD6888000AF5EF4 /* Utils */,
				4513EDCB2AD3D99000939A6E /* Resources */,
			);
			path = PDFViewer;
			sourceTree = "<group>";
		};
		4513EDC92AD3D95200939A6E /* Application */ = {
			isa = PBXGroup;
			children = (
				4513EDB32AD3C52100939A6E /* AppDelegate.swift */,
				4513EDB52AD3C52100939A6E /* SceneDelegate.swift */,
			);
			path = Application;
			sourceTree = "<group>";
		};
		4513EDCA2AD3D97700939A6E /* Presentation */ = {
			isa = PBXGroup;
			children = (
				4582B8A12AD6398700AF5EF4 /* Flow */,
				4513EDCC2AD3DAF300939A6E /* PDFList */,
				4582B8922AD53A3D00AF5EF4 /* PDFDetail */,
			);
			path = Presentation;
			sourceTree = "<group>";
		};
		4513EDCB2AD3D99000939A6E /* Resources */ = {
			isa = PBXGroup;
			children = (
				4513EDBC2AD3C52200939A6E /* Assets.xcassets */,
				4513EDBE2AD3C52200939A6E /* LaunchScreen.storyboard */,
				4513EDC12AD3C52200939A6E /* Info.plist */,
			);
			path = Resources;
			sourceTree = "<group>";
		};
		4513EDCC2AD3DAF300939A6E /* PDFList */ = {
			isa = PBXGroup;
			children = (
				4582B89D2AD5706200AF5EF4 /* ViewModel */,
				4513EDD12AD3EBE400939A6E /* View */,
			);
			path = PDFList;
			sourceTree = "<group>";
		};
		4513EDD12AD3EBE400939A6E /* View */ = {
			isa = PBXGroup;
			children = (
				4513EDB72AD3C52100939A6E /* PDFListViewController.swift */,
				4513EDD22AD3EC1300939A6E /* PDFListCell.swift */,
			);
			path = View;
			sourceTree = "<group>";
		};
		4582B8922AD53A3D00AF5EF4 /* PDFDetail */ = {
			isa = PBXGroup;
			children = (
				4582B89E2AD5706C00AF5EF4 /* ViewModel */,
				4582B8932AD53A4E00AF5EF4 /* View */,
			);
			path = PDFDetail;
			sourceTree = "<group>";
		};
		4582B8932AD53A4E00AF5EF4 /* View */ = {
			isa = PBXGroup;
			children = (
				4582B8942AD53A6400AF5EF4 /* PDFDetailViewController.swift */,
			);
			path = View;
			sourceTree = "<group>";
		};
		4582B8962AD56D4E00AF5EF4 /* Domain */ = {
			isa = PBXGroup;
			children = (
				4582B8972AD56D5F00AF5EF4 /* Entity */,
				4582B89A2AD56E9F00AF5EF4 /* UseCase */,
			);
			path = Domain;
			sourceTree = "<group>";
		};
		4582B8972AD56D5F00AF5EF4 /* Entity */ = {
			isa = PBXGroup;
			children = (
				4582B8982AD56D6E00AF5EF4 /* PDFData.swift */,
			);
			path = Entity;
			sourceTree = "<group>";
		};
		4582B89A2AD56E9F00AF5EF4 /* UseCase */ = {
			isa = PBXGroup;
			children = (
				4582B89B2AD56EB700AF5EF4 /* PDFViewerUseCase.swift */,
			);
			path = UseCase;
			sourceTree = "<group>";
		};
		4582B89D2AD5706200AF5EF4 /* ViewModel */ = {
			isa = PBXGroup;
			children = (
				4582B89F2AD5707C00AF5EF4 /* PDFListViewModel.swift */,
			);
			path = ViewModel;
			sourceTree = "<group>";
		};
		4582B89E2AD5706C00AF5EF4 /* ViewModel */ = {
			isa = PBXGroup;
			children = (
				4582B8AB2AD68F5300AF5EF4 /* PDFDetailViewModel.swift */,
			);
			path = ViewModel;
			sourceTree = "<group>";
		};
		4582B8A12AD6398700AF5EF4 /* Flow */ = {
			isa = PBXGroup;
			children = (
				4582B8A22AD639A200AF5EF4 /* PDFViewerCoordinator.swift */,
			);
			path = Flow;
			sourceTree = "<group>";
		};
		4582B8A42AD66CE400AF5EF4 /* Error */ = {
			isa = PBXGroup;
			children = (
				4582B8A52AD66D0A00AF5EF4 /* PDFDataError.swift */,
			);
			path = Error;
			sourceTree = "<group>";
		};
		4582B8A72AD6888000AF5EF4 /* Utils */ = {
			isa = PBXGroup;
			children = (
				4582B8A82AD6889100AF5EF4 /* Extensions */,
			);
			path = Utils;
			sourceTree = "<group>";
		};
		4582B8A82AD6889100AF5EF4 /* Extensions */ = {
			isa = PBXGroup;
			children = (
				4582B8A92AD688A400AF5EF4 /* UIAlertController+.swift */,
			);
			path = Extensions;
			sourceTree = "<group>";
		};
/* End PBXGroup section */

/* Begin PBXNativeTarget section */
		4513EDAF2AD3C52100939A6E /* PDFViewer */ = {
			isa = PBXNativeTarget;
			buildConfigurationList = 4513EDC42AD3C52200939A6E /* Build configuration list for PBXNativeTarget "PDFViewer" */;
			buildPhases = (
				4513EDC72AD3C8CA00939A6E /* SwiftLint Script */,
				4513EDAC2AD3C52100939A6E /* Sources */,
				4513EDAD2AD3C52100939A6E /* Frameworks */,
				4513EDAE2AD3C52100939A6E /* Resources */,
			);
			buildRules = (
			);
			dependencies = (
			);
			name = PDFViewer;
			productName = PDFViewer;
			productReference = 4513EDB02AD3C52100939A6E /* PDFViewer.app */;
			productType = "com.apple.product-type.application";
		};
/* End PBXNativeTarget section */

/* Begin PBXProject section */
		4513EDA82AD3C52100939A6E /* Project object */ = {
			isa = PBXProject;
			attributes = {
				BuildIndependentTargetsInParallel = 1;
				LastSwiftUpdateCheck = 1430;
				LastUpgradeCheck = 1430;
				TargetAttributes = {
					4513EDAF2AD3C52100939A6E = {
						CreatedOnToolsVersion = 14.3.1;
					};
				};
			};
			buildConfigurationList = 4513EDAB2AD3C52100939A6E /* Build configuration list for PBXProject "PDFViewer" */;
			compatibilityVersion = "Xcode 14.0";
			developmentRegion = en;
			hasScannedForEncodings = 0;
			knownRegions = (
				en,
				Base,
			);
			mainGroup = 4513EDA72AD3C52100939A6E;
			productRefGroup = 4513EDB12AD3C52100939A6E /* Products */;
			projectDirPath = "";
			projectRoot = "";
			targets = (
				4513EDAF2AD3C52100939A6E /* PDFViewer */,
			);
		};
/* End PBXProject section */

/* Begin PBXResourcesBuildPhase section */
		4513EDAE2AD3C52100939A6E /* Resources */ = {
			isa = PBXResourcesBuildPhase;
			buildActionMask = 2147483647;
			files = (
				4513EDC02AD3C52200939A6E /* LaunchScreen.storyboard in Resources */,
				4513EDBD2AD3C52200939A6E /* Assets.xcassets in Resources */,
			);
			runOnlyForDeploymentPostprocessing = 0;
		};
/* End PBXResourcesBuildPhase section */

/* Begin PBXShellScriptBuildPhase section */
		4513EDC72AD3C8CA00939A6E /* SwiftLint Script */ = {
			isa = PBXShellScriptBuildPhase;
			alwaysOutOfDate = 1;
			buildActionMask = 2147483647;
			files = (
			);
			inputFileListPaths = (
			);
			inputPaths = (
			);
			name = "SwiftLint Script";
			outputFileListPaths = (
			);
			outputPaths = (
			);
			runOnlyForDeploymentPostprocessing = 0;
			shellPath = /bin/sh;
			shellScript = "export PATH=\"$PATH:/opt/homebrew/bin\"\nif which swiftlint > /dev/null; then\n  swiftlint\nelse\n  echo \"warning: SwiftLint not installed, download from https://github.com/realm/SwiftLint\"\nfi\n";
		};
/* End PBXShellScriptBuildPhase section */

/* Begin PBXSourcesBuildPhase section */
		4513EDAC2AD3C52100939A6E /* Sources */ = {
			isa = PBXSourcesBuildPhase;
			buildActionMask = 2147483647;
			files = (
				4582B8992AD56D6E00AF5EF4 /* PDFData.swift in Sources */,
				4582B8A62AD66D0A00AF5EF4 /* PDFDataError.swift in Sources */,
				4582B8A32AD639A200AF5EF4 /* PDFViewerCoordinator.swift in Sources */,
				4582B8952AD53A6400AF5EF4 /* PDFDetailViewController.swift in Sources */,
				4582B8AC2AD68F5300AF5EF4 /* PDFDetailViewModel.swift in Sources */,
				4582B8AA2AD688A400AF5EF4 /* UIAlertController+.swift in Sources */,
				4513EDB82AD3C52100939A6E /* PDFListViewController.swift in Sources */,
				4582B8A02AD5707C00AF5EF4 /* PDFListViewModel.swift in Sources */,
				4513EDB42AD3C52100939A6E /* AppDelegate.swift in Sources */,
				4582B89C2AD56EB700AF5EF4 /* PDFViewerUseCase.swift in Sources */,
				4513EDD32AD3EC1300939A6E /* PDFListCell.swift in Sources */,
				4513EDB62AD3C52100939A6E /* SceneDelegate.swift in Sources */,
			);
			runOnlyForDeploymentPostprocessing = 0;
		};
/* End PBXSourcesBuildPhase section */

/* Begin PBXVariantGroup section */
		4513EDBE2AD3C52200939A6E /* LaunchScreen.storyboard */ = {
			isa = PBXVariantGroup;
			children = (
				4513EDBF2AD3C52200939A6E /* Base */,
			);
			name = LaunchScreen.storyboard;
			sourceTree = "<group>";
		};
/* End PBXVariantGroup section */

/* Begin XCBuildConfiguration section */
		4513EDC22AD3C52200939A6E /* Debug */ = {
			isa = XCBuildConfiguration;
			buildSettings = {
				ALWAYS_SEARCH_USER_PATHS = NO;
				CLANG_ANALYZER_NONNULL = YES;
				CLANG_ANALYZER_NUMBER_OBJECT_CONVERSION = YES_AGGRESSIVE;
				CLANG_CXX_LANGUAGE_STANDARD = "gnu++20";
				CLANG_ENABLE_MODULES = YES;
				CLANG_ENABLE_OBJC_ARC = YES;
				CLANG_ENABLE_OBJC_WEAK = YES;
				CLANG_WARN_BLOCK_CAPTURE_AUTORELEASING = YES;
				CLANG_WARN_BOOL_CONVERSION = YES;
				CLANG_WARN_COMMA = YES;
				CLANG_WARN_CONSTANT_CONVERSION = YES;
				CLANG_WARN_DEPRECATED_OBJC_IMPLEMENTATIONS = YES;
				CLANG_WARN_DIRECT_OBJC_ISA_USAGE = YES_ERROR;
				CLANG_WARN_DOCUMENTATION_COMMENTS = YES;
				CLANG_WARN_EMPTY_BODY = YES;
				CLANG_WARN_ENUM_CONVERSION = YES;
				CLANG_WARN_INFINITE_RECURSION = YES;
				CLANG_WARN_INT_CONVERSION = YES;
				CLANG_WARN_NON_LITERAL_NULL_CONVERSION = YES;
				CLANG_WARN_OBJC_IMPLICIT_RETAIN_SELF = YES;
				CLANG_WARN_OBJC_LITERAL_CONVERSION = YES;
				CLANG_WARN_OBJC_ROOT_CLASS = YES_ERROR;
				CLANG_WARN_QUOTED_INCLUDE_IN_FRAMEWORK_HEADER = YES;
				CLANG_WARN_RANGE_LOOP_ANALYSIS = YES;
				CLANG_WARN_STRICT_PROTOTYPES = YES;
				CLANG_WARN_SUSPICIOUS_MOVE = YES;
				CLANG_WARN_UNGUARDED_AVAILABILITY = YES_AGGRESSIVE;
				CLANG_WARN_UNREACHABLE_CODE = YES;
				CLANG_WARN__DUPLICATE_METHOD_MATCH = YES;
				COPY_PHASE_STRIP = NO;
				DEBUG_INFORMATION_FORMAT = dwarf;
				ENABLE_STRICT_OBJC_MSGSEND = YES;
				ENABLE_TESTABILITY = YES;
				GCC_C_LANGUAGE_STANDARD = gnu11;
				GCC_DYNAMIC_NO_PIC = NO;
				GCC_NO_COMMON_BLOCKS = YES;
				GCC_OPTIMIZATION_LEVEL = 0;
				GCC_PREPROCESSOR_DEFINITIONS = (
					"DEBUG=1",
					"$(inherited)",
				);
				GCC_WARN_64_TO_32_BIT_CONVERSION = YES;
				GCC_WARN_ABOUT_RETURN_TYPE = YES_ERROR;
				GCC_WARN_UNDECLARED_SELECTOR = YES;
				GCC_WARN_UNINITIALIZED_AUTOS = YES_AGGRESSIVE;
				GCC_WARN_UNUSED_FUNCTION = YES;
				GCC_WARN_UNUSED_VARIABLE = YES;
				IPHONEOS_DEPLOYMENT_TARGET = 16.4;
				MTL_ENABLE_DEBUG_INFO = INCLUDE_SOURCE;
				MTL_FAST_MATH = YES;
				ONLY_ACTIVE_ARCH = YES;
				SDKROOT = iphoneos;
				SWIFT_ACTIVE_COMPILATION_CONDITIONS = DEBUG;
				SWIFT_OPTIMIZATION_LEVEL = "-Onone";
			};
			name = Debug;
		};
		4513EDC32AD3C52200939A6E /* Release */ = {
			isa = XCBuildConfiguration;
			buildSettings = {
				ALWAYS_SEARCH_USER_PATHS = NO;
				CLANG_ANALYZER_NONNULL = YES;
				CLANG_ANALYZER_NUMBER_OBJECT_CONVERSION = YES_AGGRESSIVE;
				CLANG_CXX_LANGUAGE_STANDARD = "gnu++20";
				CLANG_ENABLE_MODULES = YES;
				CLANG_ENABLE_OBJC_ARC = YES;
				CLANG_ENABLE_OBJC_WEAK = YES;
				CLANG_WARN_BLOCK_CAPTURE_AUTORELEASING = YES;
				CLANG_WARN_BOOL_CONVERSION = YES;
				CLANG_WARN_COMMA = YES;
				CLANG_WARN_CONSTANT_CONVERSION = YES;
				CLANG_WARN_DEPRECATED_OBJC_IMPLEMENTATIONS = YES;
				CLANG_WARN_DIRECT_OBJC_ISA_USAGE = YES_ERROR;
				CLANG_WARN_DOCUMENTATION_COMMENTS = YES;
				CLANG_WARN_EMPTY_BODY = YES;
				CLANG_WARN_ENUM_CONVERSION = YES;
				CLANG_WARN_INFINITE_RECURSION = YES;
				CLANG_WARN_INT_CONVERSION = YES;
				CLANG_WARN_NON_LITERAL_NULL_CONVERSION = YES;
				CLANG_WARN_OBJC_IMPLICIT_RETAIN_SELF = YES;
				CLANG_WARN_OBJC_LITERAL_CONVERSION = YES;
				CLANG_WARN_OBJC_ROOT_CLASS = YES_ERROR;
				CLANG_WARN_QUOTED_INCLUDE_IN_FRAMEWORK_HEADER = YES;
				CLANG_WARN_RANGE_LOOP_ANALYSIS = YES;
				CLANG_WARN_STRICT_PROTOTYPES = YES;
				CLANG_WARN_SUSPICIOUS_MOVE = YES;
				CLANG_WARN_UNGUARDED_AVAILABILITY = YES_AGGRESSIVE;
				CLANG_WARN_UNREACHABLE_CODE = YES;
				CLANG_WARN__DUPLICATE_METHOD_MATCH = YES;
				COPY_PHASE_STRIP = NO;
				DEBUG_INFORMATION_FORMAT = "dwarf-with-dsym";
				ENABLE_NS_ASSERTIONS = NO;
				ENABLE_STRICT_OBJC_MSGSEND = YES;
				GCC_C_LANGUAGE_STANDARD = gnu11;
				GCC_NO_COMMON_BLOCKS = YES;
				GCC_WARN_64_TO_32_BIT_CONVERSION = YES;
				GCC_WARN_ABOUT_RETURN_TYPE = YES_ERROR;
				GCC_WARN_UNDECLARED_SELECTOR = YES;
				GCC_WARN_UNINITIALIZED_AUTOS = YES_AGGRESSIVE;
				GCC_WARN_UNUSED_FUNCTION = YES;
				GCC_WARN_UNUSED_VARIABLE = YES;
				IPHONEOS_DEPLOYMENT_TARGET = 16.4;
				MTL_ENABLE_DEBUG_INFO = NO;
				MTL_FAST_MATH = YES;
				SDKROOT = iphoneos;
				SWIFT_COMPILATION_MODE = wholemodule;
				SWIFT_OPTIMIZATION_LEVEL = "-O";
				VALIDATE_PRODUCT = YES;
			};
			name = Release;
		};
		4513EDC52AD3C52200939A6E /* Debug */ = {
			isa = XCBuildConfiguration;
			buildSettings = {
				ASSETCATALOG_COMPILER_APPICON_NAME = AppIcon;
				ASSETCATALOG_COMPILER_GLOBAL_ACCENT_COLOR_NAME = AccentColor;
				CODE_SIGN_STYLE = Automatic;
				CURRENT_PROJECT_VERSION = 1;
				GENERATE_INFOPLIST_FILE = YES;
				INFOPLIST_FILE = PDFViewer/Resources/Info.plist;
				INFOPLIST_KEY_UIApplicationSupportsIndirectInputEvents = YES;
				INFOPLIST_KEY_UILaunchStoryboardName = LaunchScreen;
				INFOPLIST_KEY_UISupportedInterfaceOrientations_iPad = "UIInterfaceOrientationPortrait UIInterfaceOrientationPortraitUpsideDown UIInterfaceOrientationLandscapeLeft UIInterfaceOrientationLandscapeRight";
				INFOPLIST_KEY_UISupportedInterfaceOrientations_iPhone = "UIInterfaceOrientationPortrait UIInterfaceOrientationLandscapeLeft UIInterfaceOrientationLandscapeRight";
				IPHONEOS_DEPLOYMENT_TARGET = 14.0;
				LD_RUNPATH_SEARCH_PATHS = (
					"$(inherited)",
					"@executable_path/Frameworks",
				);
				MARKETING_VERSION = 1.0;
				PRODUCT_BUNDLE_IDENTIFIER = com.hyeonsu.PDFViewer;
				PRODUCT_NAME = "$(TARGET_NAME)";
				SUPPORTED_PLATFORMS = "iphoneos iphonesimulator";
				SUPPORTS_MACCATALYST = NO;
				SUPPORTS_MAC_DESIGNED_FOR_IPHONE_IPAD = YES;
				SWIFT_EMIT_LOC_STRINGS = YES;
				SWIFT_VERSION = 5.0;
				TARGETED_DEVICE_FAMILY = 1;
			};
			name = Debug;
		};
		4513EDC62AD3C52200939A6E /* Release */ = {
			isa = XCBuildConfiguration;
			buildSettings = {
				ASSETCATALOG_COMPILER_APPICON_NAME = AppIcon;
				ASSETCATALOG_COMPILER_GLOBAL_ACCENT_COLOR_NAME = AccentColor;
				CODE_SIGN_STYLE = Automatic;
				CURRENT_PROJECT_VERSION = 1;
				GENERATE_INFOPLIST_FILE = YES;
				INFOPLIST_FILE = PDFViewer/Resources/Info.plist;
				INFOPLIST_KEY_UIApplicationSupportsIndirectInputEvents = YES;
				INFOPLIST_KEY_UILaunchStoryboardName = LaunchScreen;
				INFOPLIST_KEY_UISupportedInterfaceOrientations_iPad = "UIInterfaceOrientationPortrait UIInterfaceOrientationPortraitUpsideDown UIInterfaceOrientationLandscapeLeft UIInterfaceOrientationLandscapeRight";
				INFOPLIST_KEY_UISupportedInterfaceOrientations_iPhone = "UIInterfaceOrientationPortrait UIInterfaceOrientationLandscapeLeft UIInterfaceOrientationLandscapeRight";
				IPHONEOS_DEPLOYMENT_TARGET = 14.0;
				LD_RUNPATH_SEARCH_PATHS = (
					"$(inherited)",
					"@executable_path/Frameworks",
				);
				MARKETING_VERSION = 1.0;
				PRODUCT_BUNDLE_IDENTIFIER = com.hyeonsu.PDFViewer;
				PRODUCT_NAME = "$(TARGET_NAME)";
				SUPPORTED_PLATFORMS = "iphoneos iphonesimulator";
				SUPPORTS_MACCATALYST = NO;
				SUPPORTS_MAC_DESIGNED_FOR_IPHONE_IPAD = YES;
				SWIFT_EMIT_LOC_STRINGS = YES;
				SWIFT_VERSION = 5.0;
				TARGETED_DEVICE_FAMILY = 1;
			};
			name = Release;
		};
/* End XCBuildConfiguration section */

/* Begin XCConfigurationList section */
		4513EDAB2AD3C52100939A6E /* Build configuration list for PBXProject "PDFViewer" */ = {
			isa = XCConfigurationList;
			buildConfigurations = (
				4513EDC22AD3C52200939A6E /* Debug */,
				4513EDC32AD3C52200939A6E /* Release */,
			);
			defaultConfigurationIsVisible = 0;
			defaultConfigurationName = Release;
		};
		4513EDC42AD3C52200939A6E /* Build configuration list for PBXNativeTarget "PDFViewer" */ = {
			isa = XCConfigurationList;
			buildConfigurations = (
				4513EDC52AD3C52200939A6E /* Debug */,
				4513EDC62AD3C52200939A6E /* Release */,
			);
			defaultConfigurationIsVisible = 0;
			defaultConfigurationName = Release;
		};
/* End XCConfigurationList section */
	};
	rootObject = 4513EDA82AD3C52100939A6E /* Project object */;
}
