// !$*UTF8*$!
{
	archiveVersion = 1;
	classes = {
	};
	objectVersion = 56;
	objects = {

/* Begin PBXBuildFile section */
		4513EDB42AD3C52100939A6E /* AppDelegate.swift in Sources */ = {isa = PBXBuildFile; fileRef = 4513EDB32AD3C52100939A6E /* AppDelegate.swift */; };
		4513EDB62AD3C52100939A6E /* SceneDelegate.swift in Sources */ = {isa = PBXBuildFile; fileRef = 4513EDB52AD3C52100939A6E /* SceneDelegate.swift */; };
		4513EDB82AD3C52100939A6E /* PDFListViewController.swift in Sources */ = {isa = PBXBuildFile; fileRef = 4513EDB72AD3C52100939A6E /* PDFListViewController.swift */; };
		4513EDBD2AD3C52200939A6E /* Assets.xcassets in Resources */ = {isa = PBXBuildFile; fileRef = 4513EDBC2AD3C52200939A6E /* Assets.xcassets */; };
		4513EDC02AD3C52200939A6E /* LaunchScreen.storyboard in Resources */ = {isa = PBXBuildFile; fileRef = 4513EDBE2AD3C52200939A6E /* LaunchScreen.storyboard */; };
		4513EDD32AD3EC1300939A6E /* PDFListCell.swift in Sources */ = {isa = PBXBuildFile; fileRef = 4513EDD22AD3EC1300939A6E /* PDFListCell.swift */; };
		454AFEA62B1468B6002F917F /* PageNumberView.swift in Sources */ = {isa = PBXBuildFile; fileRef = 454AFEA52B1468B6002F917F /* PageNumberView.swift */; };
		455095232B1C6A2000DF8E19 /* PDFListViewModelTests.swift in Sources */ = {isa = PBXBuildFile; fileRef = 455095222B1C6A2000DF8E19 /* PDFListViewModelTests.swift */; };
		4550952C2B1C6B0200DF8E19 /* MockRepository.swift in Sources */ = {isa = PBXBuildFile; fileRef = 4550952B2B1C6B0200DF8E19 /* MockRepository.swift */; };
		4550952F2B1C729400DF8E19 /* RealmSwift in Frameworks */ = {isa = PBXBuildFile; productRef = 4550952E2B1C729400DF8E19 /* RealmSwift */; };
		455095322B1C894000DF8E19 /* PDFDetailViewModelTests.swift in Sources */ = {isa = PBXBuildFile; fileRef = 455095312B1C894000DF8E19 /* PDFDetailViewModelTests.swift */; };
		4582B8952AD53A6400AF5EF4 /* PDFDetailViewController.swift in Sources */ = {isa = PBXBuildFile; fileRef = 4582B8942AD53A6400AF5EF4 /* PDFDetailViewController.swift */; };
		4582B8992AD56D6E00AF5EF4 /* PDFData.swift in Sources */ = {isa = PBXBuildFile; fileRef = 4582B8982AD56D6E00AF5EF4 /* PDFData.swift */; };
		4582B8A02AD5707C00AF5EF4 /* PDFListViewModel.swift in Sources */ = {isa = PBXBuildFile; fileRef = 4582B89F2AD5707C00AF5EF4 /* PDFListViewModel.swift */; };
		4582B8A32AD639A200AF5EF4 /* DIContainer.swift in Sources */ = {isa = PBXBuildFile; fileRef = 4582B8A22AD639A200AF5EF4 /* DIContainer.swift */; };
		4582B8AA2AD688A400AF5EF4 /* UIViewController+.swift in Sources */ = {isa = PBXBuildFile; fileRef = 4582B8A92AD688A400AF5EF4 /* UIViewController+.swift */; };
		4582B8AC2AD68F5300AF5EF4 /* PDFDetailViewModel.swift in Sources */ = {isa = PBXBuildFile; fileRef = 4582B8AB2AD68F5300AF5EF4 /* PDFDetailViewModel.swift */; };
		45ADA9042B0C7A3D00626473 /* AlertManager.swift in Sources */ = {isa = PBXBuildFile; fileRef = 45ADA9032B0C7A3D00626473 /* AlertManager.swift */; };
		45ADA92E2B0CD99900626473 /* Repository.swift in Sources */ = {isa = PBXBuildFile; fileRef = 45ADA92D2B0CD99900626473 /* Repository.swift */; };
		45B70FAC2ADCB91300441C4C /* PDFMemoViewController.swift in Sources */ = {isa = PBXBuildFile; fileRef = 45B70FAB2ADCB91300441C4C /* PDFMemoViewController.swift */; };
		45B70FAE2ADCBF0100441C4C /* UITextView+.swift in Sources */ = {isa = PBXBuildFile; fileRef = 45B70FAD2ADCBF0100441C4C /* UITextView+.swift */; };
		45CD1B7D2ADD25AE002DEC57 /* RealmSwift in Frameworks */ = {isa = PBXBuildFile; productRef = 45CD1B7C2ADD25AE002DEC57 /* RealmSwift */; };
		45CD1B812ADD4458002DEC57 /* RealmRepository.swift in Sources */ = {isa = PBXBuildFile; fileRef = 45CD1B802ADD4458002DEC57 /* RealmRepository.swift */; };
		45CD1B832ADD55F4002DEC57 /* PDFDTO.swift in Sources */ = {isa = PBXBuildFile; fileRef = 45CD1B822ADD55F4002DEC57 /* PDFDTO.swift */; };
		45CD1B852ADD5679002DEC57 /* RepositoryError.swift in Sources */ = {isa = PBXBuildFile; fileRef = 45CD1B842ADD5679002DEC57 /* RepositoryError.swift */; };
		45CD1B892ADD576F002DEC57 /* RealmTranslater.swift in Sources */ = {isa = PBXBuildFile; fileRef = 45CD1B882ADD576F002DEC57 /* RealmTranslater.swift */; };
		45FE396E2B19B0890056777E /* NameSpace.swift in Sources */ = {isa = PBXBuildFile; fileRef = 45FE396D2B19B0890056777E /* NameSpace.swift */; };
		45FE39702B19BCFC0056777E /* Character+.swift in Sources */ = {isa = PBXBuildFile; fileRef = 45FE396F2B19BCFC0056777E /* Character+.swift */; };
		45FE39722B19BD050056777E /* String+.swift in Sources */ = {isa = PBXBuildFile; fileRef = 45FE39712B19BD050056777E /* String+.swift */; };
/* End PBXBuildFile section */

/* Begin PBXContainerItemProxy section */
		455095242B1C6A2000DF8E19 /* PBXContainerItemProxy */ = {
			isa = PBXContainerItemProxy;
			containerPortal = 4513EDA82AD3C52100939A6E /* Project object */;
			proxyType = 1;
			remoteGlobalIDString = 4513EDAF2AD3C52100939A6E;
			remoteInfo = PDFViewer;
		};
/* End PBXContainerItemProxy section */

/* Begin PBXFileReference section */
		4513EDB02AD3C52100939A6E /* PDFViewer.app */ = {isa = PBXFileReference; explicitFileType = wrapper.application; includeInIndex = 0; path = PDFViewer.app; sourceTree = BUILT_PRODUCTS_DIR; };
		4513EDB32AD3C52100939A6E /* AppDelegate.swift */ = {isa = PBXFileReference; lastKnownFileType = sourcecode.swift; path = AppDelegate.swift; sourceTree = "<group>"; };
		4513EDB52AD3C52100939A6E /* SceneDelegate.swift */ = {isa = PBXFileReference; lastKnownFileType = sourcecode.swift; path = SceneDelegate.swift; sourceTree = "<group>"; };
		4513EDB72AD3C52100939A6E /* PDFListViewController.swift */ = {isa = PBXFileReference; lastKnownFileType = sourcecode.swift; path = PDFListViewController.swift; sourceTree = "<group>"; };
		4513EDBC2AD3C52200939A6E /* Assets.xcassets */ = {isa = PBXFileReference; lastKnownFileType = folder.assetcatalog; path = Assets.xcassets; sourceTree = "<group>"; };
		4513EDBF2AD3C52200939A6E /* Base */ = {isa = PBXFileReference; lastKnownFileType = file.storyboard; name = Base; path = Base.lproj/LaunchScreen.storyboard; sourceTree = "<group>"; };
		4513EDC12AD3C52200939A6E /* Info.plist */ = {isa = PBXFileReference; lastKnownFileType = text.plist.xml; path = Info.plist; sourceTree = "<group>"; };
		4513EDC82AD3C90600939A6E /* .swiftlint.yml */ = {isa = PBXFileReference; lastKnownFileType = text.yaml; path = .swiftlint.yml; sourceTree = "<group>"; };
		4513EDD22AD3EC1300939A6E /* PDFListCell.swift */ = {isa = PBXFileReference; lastKnownFileType = sourcecode.swift; path = PDFListCell.swift; sourceTree = "<group>"; };
		454AFEA52B1468B6002F917F /* PageNumberView.swift */ = {isa = PBXFileReference; lastKnownFileType = sourcecode.swift; path = PageNumberView.swift; sourceTree = "<group>"; };
		455095202B1C6A2000DF8E19 /* PDFViewerTests.xctest */ = {isa = PBXFileReference; explicitFileType = wrapper.cfbundle; includeInIndex = 0; path = PDFViewerTests.xctest; sourceTree = BUILT_PRODUCTS_DIR; };
		455095222B1C6A2000DF8E19 /* PDFListViewModelTests.swift */ = {isa = PBXFileReference; lastKnownFileType = sourcecode.swift; path = PDFListViewModelTests.swift; sourceTree = "<group>"; };
		4550952B2B1C6B0200DF8E19 /* MockRepository.swift */ = {isa = PBXFileReference; lastKnownFileType = sourcecode.swift; path = MockRepository.swift; sourceTree = "<group>"; };
		455095312B1C894000DF8E19 /* PDFDetailViewModelTests.swift */ = {isa = PBXFileReference; lastKnownFileType = sourcecode.swift; path = PDFDetailViewModelTests.swift; sourceTree = "<group>"; };
		4582B8942AD53A6400AF5EF4 /* PDFDetailViewController.swift */ = {isa = PBXFileReference; lastKnownFileType = sourcecode.swift; path = PDFDetailViewController.swift; sourceTree = "<group>"; };
		4582B8982AD56D6E00AF5EF4 /* PDFData.swift */ = {isa = PBXFileReference; lastKnownFileType = sourcecode.swift; path = PDFData.swift; sourceTree = "<group>"; };
		4582B89F2AD5707C00AF5EF4 /* PDFListViewModel.swift */ = {isa = PBXFileReference; lastKnownFileType = sourcecode.swift; path = PDFListViewModel.swift; sourceTree = "<group>"; };
		4582B8A22AD639A200AF5EF4 /* DIContainer.swift */ = {isa = PBXFileReference; lastKnownFileType = sourcecode.swift; path = DIContainer.swift; sourceTree = "<group>"; };
		4582B8A92AD688A400AF5EF4 /* UIViewController+.swift */ = {isa = PBXFileReference; lastKnownFileType = sourcecode.swift; path = "UIViewController+.swift"; sourceTree = "<group>"; };
		4582B8AB2AD68F5300AF5EF4 /* PDFDetailViewModel.swift */ = {isa = PBXFileReference; lastKnownFileType = sourcecode.swift; path = PDFDetailViewModel.swift; sourceTree = "<group>"; };
		45ADA9032B0C7A3D00626473 /* AlertManager.swift */ = {isa = PBXFileReference; lastKnownFileType = sourcecode.swift; path = AlertManager.swift; sourceTree = "<group>"; };
		45ADA92D2B0CD99900626473 /* Repository.swift */ = {isa = PBXFileReference; lastKnownFileType = sourcecode.swift; path = Repository.swift; sourceTree = "<group>"; };
		45B70FAB2ADCB91300441C4C /* PDFMemoViewController.swift */ = {isa = PBXFileReference; lastKnownFileType = sourcecode.swift; path = PDFMemoViewController.swift; sourceTree = "<group>"; };
		45B70FAD2ADCBF0100441C4C /* UITextView+.swift */ = {isa = PBXFileReference; lastKnownFileType = sourcecode.swift; path = "UITextView+.swift"; sourceTree = "<group>"; };
		45CD1B802ADD4458002DEC57 /* RealmRepository.swift */ = {isa = PBXFileReference; lastKnownFileType = sourcecode.swift; path = RealmRepository.swift; sourceTree = "<group>"; };
		45CD1B822ADD55F4002DEC57 /* PDFDTO.swift */ = {isa = PBXFileReference; lastKnownFileType = sourcecode.swift; path = PDFDTO.swift; sourceTree = "<group>"; };
		45CD1B842ADD5679002DEC57 /* RepositoryError.swift */ = {isa = PBXFileReference; lastKnownFileType = sourcecode.swift; path = RepositoryError.swift; sourceTree = "<group>"; };
		45CD1B882ADD576F002DEC57 /* RealmTranslater.swift */ = {isa = PBXFileReference; lastKnownFileType = sourcecode.swift; path = RealmTranslater.swift; sourceTree = "<group>"; };
		45FE396D2B19B0890056777E /* NameSpace.swift */ = {isa = PBXFileReference; lastKnownFileType = sourcecode.swift; path = NameSpace.swift; sourceTree = "<group>"; };
		45FE396F2B19BCFC0056777E /* Character+.swift */ = {isa = PBXFileReference; lastKnownFileType = sourcecode.swift; path = "Character+.swift"; sourceTree = "<group>"; };
		45FE39712B19BD050056777E /* String+.swift */ = {isa = PBXFileReference; lastKnownFileType = sourcecode.swift; path = "String+.swift"; sourceTree = "<group>"; };
/* End PBXFileReference section */

/* Begin PBXFrameworksBuildPhase section */
		4513EDAD2AD3C52100939A6E /* Frameworks */ = {
			isa = PBXFrameworksBuildPhase;
			buildActionMask = 2147483647;
			files = (
				45CD1B7D2ADD25AE002DEC57 /* RealmSwift in Frameworks */,
			);
			runOnlyForDeploymentPostprocessing = 0;
		};
		4550951D2B1C6A2000DF8E19 /* Frameworks */ = {
			isa = PBXFrameworksBuildPhase;
			buildActionMask = 2147483647;
			files = (
				4550952F2B1C729400DF8E19 /* RealmSwift in Frameworks */,
			);
			runOnlyForDeploymentPostprocessing = 0;
		};
/* End PBXFrameworksBuildPhase section */

/* Begin PBXGroup section */
		4513EDA72AD3C52100939A6E = {
			isa = PBXGroup;
			children = (
				4513EDC82AD3C90600939A6E /* .swiftlint.yml */,
				4513EDB22AD3C52100939A6E /* PDFViewer */,
				455095212B1C6A2000DF8E19 /* PDFViewerTests */,
				4513EDB12AD3C52100939A6E /* Products */,
				4550952D2B1C729400DF8E19 /* Frameworks */,
			);
			indentWidth = 2;
			sourceTree = "<group>";
			tabWidth = 2;
		};
		4513EDB12AD3C52100939A6E /* Products */ = {
			isa = PBXGroup;
			children = (
				4513EDB02AD3C52100939A6E /* PDFViewer.app */,
				455095202B1C6A2000DF8E19 /* PDFViewerTests.xctest */,
			);
			name = Products;
			sourceTree = "<group>";
		};
		4513EDB22AD3C52100939A6E /* PDFViewer */ = {
			isa = PBXGroup;
			children = (
				4513EDC92AD3D95200939A6E /* Application */,
				4582B8962AD56D4E00AF5EF4 /* Domain */,
				4513EDCA2AD3D97700939A6E /* Presentation */,
				45CD1B7E2ADD43E9002DEC57 /* Data */,
				4582B8A42AD66CE400AF5EF4 /* Error */,
				4582B8A72AD6888000AF5EF4 /* Util */,
				4513EDCB2AD3D99000939A6E /* Resource */,
			);
			path = PDFViewer;
			sourceTree = "<group>";
		};
		4513EDC92AD3D95200939A6E /* Application */ = {
			isa = PBXGroup;
			children = (
				4513EDB32AD3C52100939A6E /* AppDelegate.swift */,
				4513EDB52AD3C52100939A6E /* SceneDelegate.swift */,
				4582B8A12AD6398700AF5EF4 /* DIContainer */,
			);
			path = Application;
			sourceTree = "<group>";
		};
		4513EDCA2AD3D97700939A6E /* Presentation */ = {
			isa = PBXGroup;
			children = (
				4513EDCC2AD3DAF300939A6E /* PDFList */,
				4582B8922AD53A3D00AF5EF4 /* PDFDetail */,
			);
			path = Presentation;
			sourceTree = "<group>";
		};
		4513EDCB2AD3D99000939A6E /* Resource */ = {
			isa = PBXGroup;
			children = (
				4513EDBC2AD3C52200939A6E /* Assets.xcassets */,
				4513EDBE2AD3C52200939A6E /* LaunchScreen.storyboard */,
				4513EDC12AD3C52200939A6E /* Info.plist */,
			);
			path = Resource;
			sourceTree = "<group>";
		};
		4513EDCC2AD3DAF300939A6E /* PDFList */ = {
			isa = PBXGroup;
			children = (
				4582B89D2AD5706200AF5EF4 /* ViewModel */,
				4513EDD12AD3EBE400939A6E /* View */,
			);
			path = PDFList;
			sourceTree = "<group>";
		};
		4513EDD12AD3EBE400939A6E /* View */ = {
			isa = PBXGroup;
			children = (
				4513EDB72AD3C52100939A6E /* PDFListViewController.swift */,
				4513EDD22AD3EC1300939A6E /* PDFListCell.swift */,
			);
			path = View;
			sourceTree = "<group>";
		};
		455095212B1C6A2000DF8E19 /* PDFViewerTests */ = {
			isa = PBXGroup;
			children = (
				455095302B1C892100DF8E19 /* ViewModel */,
				455095292B1C6A5D00DF8E19 /* Test Double */,
			);
			path = PDFViewerTests;
			sourceTree = "<group>";
		};
		455095292B1C6A5D00DF8E19 /* Test Double */ = {
			isa = PBXGroup;
			children = (
				4550952A2B1C6AED00DF8E19 /* Mock */,
			);
			path = "Test Double";
			sourceTree = "<group>";
		};
		4550952A2B1C6AED00DF8E19 /* Mock */ = {
			isa = PBXGroup;
			children = (
				4550952B2B1C6B0200DF8E19 /* MockRepository.swift */,
			);
			path = Mock;
			sourceTree = "<group>";
		};
		4550952D2B1C729400DF8E19 /* Frameworks */ = {
			isa = PBXGroup;
			children = (
			);
			name = Frameworks;
			sourceTree = "<group>";
		};
		455095302B1C892100DF8E19 /* ViewModel */ = {
			isa = PBXGroup;
			children = (
				455095222B1C6A2000DF8E19 /* PDFListViewModelTests.swift */,
				455095312B1C894000DF8E19 /* PDFDetailViewModelTests.swift */,
			);
			path = ViewModel;
			sourceTree = "<group>";
		};
		4582B8922AD53A3D00AF5EF4 /* PDFDetail */ = {
			isa = PBXGroup;
			children = (
				4582B89E2AD5706C00AF5EF4 /* ViewModel */,
				4582B8932AD53A4E00AF5EF4 /* View */,
			);
			path = PDFDetail;
			sourceTree = "<group>";
		};
		4582B8932AD53A4E00AF5EF4 /* View */ = {
			isa = PBXGroup;
			children = (
				4582B8942AD53A6400AF5EF4 /* PDFDetailViewController.swift */,
				45B70FAB2ADCB91300441C4C /* PDFMemoViewController.swift */,
				454AFEA52B1468B6002F917F /* PageNumberView.swift */,
			);
			path = View;
			sourceTree = "<group>";
		};
		4582B8962AD56D4E00AF5EF4 /* Domain */ = {
			isa = PBXGroup;
			children = (
				4582B8972AD56D5F00AF5EF4 /* Entity */,
			);
			path = Domain;
			sourceTree = "<group>";
		};
		4582B8972AD56D5F00AF5EF4 /* Entity */ = {
			isa = PBXGroup;
			children = (
				4582B8982AD56D6E00AF5EF4 /* PDFData.swift */,
			);
			path = Entity;
			sourceTree = "<group>";
		};
		4582B89D2AD5706200AF5EF4 /* ViewModel */ = {
			isa = PBXGroup;
			children = (
				4582B89F2AD5707C00AF5EF4 /* PDFListViewModel.swift */,
			);
			path = ViewModel;
			sourceTree = "<group>";
		};
		4582B89E2AD5706C00AF5EF4 /* ViewModel */ = {
			isa = PBXGroup;
			children = (
				4582B8AB2AD68F5300AF5EF4 /* PDFDetailViewModel.swift */,
			);
			path = ViewModel;
			sourceTree = "<group>";
		};
		4582B8A12AD6398700AF5EF4 /* DIContainer */ = {
			isa = PBXGroup;
			children = (
				4582B8A22AD639A200AF5EF4 /* DIContainer.swift */,
			);
			path = DIContainer;
			sourceTree = "<group>";
		};
		4582B8A42AD66CE400AF5EF4 /* Error */ = {
			isa = PBXGroup;
			children = (
				45CD1B842ADD5679002DEC57 /* RepositoryError.swift */,
			);
			path = Error;
			sourceTree = "<group>";
		};
		4582B8A72AD6888000AF5EF4 /* Util */ = {
			isa = PBXGroup;
			children = (
				45ADA9022B0C7A2700626473 /* Manager */,
				4582B8A82AD6889100AF5EF4 /* Extensions */,
				45FE396D2B19B0890056777E /* NameSpace.swift */,
			);
			path = Util;
			sourceTree = "<group>";
		};
		4582B8A82AD6889100AF5EF4 /* Extensions */ = {
			isa = PBXGroup;
			children = (
				4582B8A92AD688A400AF5EF4 /* UIViewController+.swift */,
				45B70FAD2ADCBF0100441C4C /* UITextView+.swift */,
				45FE396F2B19BCFC0056777E /* Character+.swift */,
				45FE39712B19BD050056777E /* String+.swift */,
			);
			path = Extensions;
			sourceTree = "<group>";
		};
		45ADA9022B0C7A2700626473 /* Manager */ = {
			isa = PBXGroup;
			children = (
				45ADA9032B0C7A3D00626473 /* AlertManager.swift */,
			);
			path = Manager;
			sourceTree = "<group>";
		};
		45CD1B7E2ADD43E9002DEC57 /* Data */ = {
			isa = PBXGroup;
			children = (
				45CD1B862ADD572D002DEC57 /* DTO */,
				45CD1B872ADD573E002DEC57 /* Translater */,
				45CD1B7F2ADD443D002DEC57 /* Repository */,
			);
			path = Data;
			sourceTree = "<group>";
		};
		45CD1B7F2ADD443D002DEC57 /* Repository */ = {
			isa = PBXGroup;
			children = (
				45ADA92D2B0CD99900626473 /* Repository.swift */,
				45CD1B802ADD4458002DEC57 /* RealmRepository.swift */,
			);
			path = Repository;
			sourceTree = "<group>";
		};
		45CD1B862ADD572D002DEC57 /* DTO */ = {
			isa = PBXGroup;
			children = (
				45CD1B822ADD55F4002DEC57 /* PDFDTO.swift */,
			);
			path = DTO;
			sourceTree = "<group>";
		};
		45CD1B872ADD573E002DEC57 /* Translater */ = {
			isa = PBXGroup;
			children = (
				45CD1B882ADD576F002DEC57 /* RealmTranslater.swift */,
			);
			path = Translater;
			sourceTree = "<group>";
		};
/* End PBXGroup section */

/* Begin PBXNativeTarget section */
		4513EDAF2AD3C52100939A6E /* PDFViewer */ = {
			isa = PBXNativeTarget;
			buildConfigurationList = 4513EDC42AD3C52200939A6E /* Build configuration list for PBXNativeTarget "PDFViewer" */;
			buildPhases = (
				4513EDC72AD3C8CA00939A6E /* SwiftLint Script */,
				4513EDAC2AD3C52100939A6E /* Sources */,
				4513EDAD2AD3C52100939A6E /* Frameworks */,
				4513EDAE2AD3C52100939A6E /* Resources */,
			);
			buildRules = (
			);
			dependencies = (
			);
			name = PDFViewer;
			packageProductDependencies = (
				45CD1B7C2ADD25AE002DEC57 /* RealmSwift */,
			);
			productName = PDFViewer;
			productReference = 4513EDB02AD3C52100939A6E /* PDFViewer.app */;
			productType = "com.apple.product-type.application";
		};
		4550951F2B1C6A2000DF8E19 /* PDFViewerTests */ = {
			isa = PBXNativeTarget;
			buildConfigurationList = 455095282B1C6A2000DF8E19 /* Build configuration list for PBXNativeTarget "PDFViewerTests" */;
			buildPhases = (
				4550951C2B1C6A2000DF8E19 /* Sources */,
				4550951D2B1C6A2000DF8E19 /* Frameworks */,
				4550951E2B1C6A2000DF8E19 /* Resources */,
			);
			buildRules = (
			);
			dependencies = (
				455095252B1C6A2000DF8E19 /* PBXTargetDependency */,
			);
			name = PDFViewerTests;
			packageProductDependencies = (
				4550952E2B1C729400DF8E19 /* RealmSwift */,
			);
			productName = PDFViewerTests;
			productReference = 455095202B1C6A2000DF8E19 /* PDFViewerTests.xctest */;
			productType = "com.apple.product-type.bundle.unit-test";
		};
/* End PBXNativeTarget section */

/* Begin PBXProject section */
		4513EDA82AD3C52100939A6E /* Project object */ = {
			isa = PBXProject;
			attributes = {
				BuildIndependentTargetsInParallel = 1;
				LastSwiftUpdateCheck = 1430;
				LastUpgradeCheck = 1430;
				TargetAttributes = {
					4513EDAF2AD3C52100939A6E = {
						CreatedOnToolsVersion = 14.3.1;
					};
					4550951F2B1C6A2000DF8E19 = {
						CreatedOnToolsVersion = 14.3.1;
						TestTargetID = 4513EDAF2AD3C52100939A6E;
					};
				};
			};
			buildConfigurationList = 4513EDAB2AD3C52100939A6E /* Build configuration list for PBXProject "PDFViewer" */;
			compatibilityVersion = "Xcode 14.0";
			developmentRegion = en;
			hasScannedForEncodings = 0;
			knownRegions = (
				en,
				Base,
			);
			mainGroup = 4513EDA72AD3C52100939A6E;
			packageReferences = (
				45CD1B7B2ADD25AE002DEC57 /* XCRemoteSwiftPackageReference "realm-cocoa" */,
			);
			productRefGroup = 4513EDB12AD3C52100939A6E /* Products */;
			projectDirPath = "";
			projectRoot = "";
			targets = (
				4513EDAF2AD3C52100939A6E /* PDFViewer */,
				4550951F2B1C6A2000DF8E19 /* PDFViewerTests */,
			);
		};
/* End PBXProject section */

/* Begin PBXResourcesBuildPhase section */
		4513EDAE2AD3C52100939A6E /* Resources */ = {
			isa = PBXResourcesBuildPhase;
			buildActionMask = 2147483647;
			files = (
				4513EDC02AD3C52200939A6E /* LaunchScreen.storyboard in Resources */,
				4513EDBD2AD3C52200939A6E /* Assets.xcassets in Resources */,
			);
			runOnlyForDeploymentPostprocessing = 0;
		};
		4550951E2B1C6A2000DF8E19 /* Resources */ = {
			isa = PBXResourcesBuildPhase;
			buildActionMask = 2147483647;
			files = (
			);
			runOnlyForDeploymentPostprocessing = 0;
		};
/* End PBXResourcesBuildPhase section */

/* Begin PBXShellScriptBuildPhase section */
		4513EDC72AD3C8CA00939A6E /* SwiftLint Script */ = {
			isa = PBXShellScriptBuildPhase;
			alwaysOutOfDate = 1;
			buildActionMask = 2147483647;
			files = (
			);
			inputFileListPaths = (
			);
			inputPaths = (
			);
			name = "SwiftLint Script";
			outputFileListPaths = (
			);
			outputPaths = (
			);
			runOnlyForDeploymentPostprocessing = 0;
			shellPath = /bin/sh;
			shellScript = "export PATH=\"$PATH:/opt/homebrew/bin\"\nif which swiftlint > /dev/null; then\n  swiftlint\nelse\n  echo \"warning: SwiftLint not installed, download from https://github.com/realm/SwiftLint\"\nfi\n";
		};
/* End PBXShellScriptBuildPhase section */

/* Begin PBXSourcesBuildPhase section */
		4513EDAC2AD3C52100939A6E /* Sources */ = {
			isa = PBXSourcesBuildPhase;
			buildActionMask = 2147483647;
			files = (
				4582B8992AD56D6E00AF5EF4 /* PDFData.swift in Sources */,
				45ADA9042B0C7A3D00626473 /* AlertManager.swift in Sources */,
				45FE39702B19BCFC0056777E /* Character+.swift in Sources */,
				45CD1B832ADD55F4002DEC57 /* PDFDTO.swift in Sources */,
				45FE396E2B19B0890056777E /* NameSpace.swift in Sources */,
				4582B8A32AD639A200AF5EF4 /* DIContainer.swift in Sources */,
				4582B8952AD53A6400AF5EF4 /* PDFDetailViewController.swift in Sources */,
				4582B8AC2AD68F5300AF5EF4 /* PDFDetailViewModel.swift in Sources */,
				45CD1B892ADD576F002DEC57 /* RealmTranslater.swift in Sources */,
				45CD1B812ADD4458002DEC57 /* RealmRepository.swift in Sources */,
				4582B8AA2AD688A400AF5EF4 /* UIViewController+.swift in Sources */,
				4513EDB82AD3C52100939A6E /* PDFListViewController.swift in Sources */,
				4582B8A02AD5707C00AF5EF4 /* PDFListViewModel.swift in Sources */,
				45B70FAC2ADCB91300441C4C /* PDFMemoViewController.swift in Sources */,
				45B70FAE2ADCBF0100441C4C /* UITextView+.swift in Sources */,
				4513EDB42AD3C52100939A6E /* AppDelegate.swift in Sources */,
				4513EDD32AD3EC1300939A6E /* PDFListCell.swift in Sources */,
				45CD1B852ADD5679002DEC57 /* RepositoryError.swift in Sources */,
				45FE39722B19BD050056777E /* String+.swift in Sources */,
				4513EDB62AD3C52100939A6E /* SceneDelegate.swift in Sources */,
				454AFEA62B1468B6002F917F /* PageNumberView.swift in Sources */,
				45ADA92E2B0CD99900626473 /* Repository.swift in Sources */,
			);
			runOnlyForDeploymentPostprocessing = 0;
		};
		4550951C2B1C6A2000DF8E19 /* Sources */ = {
			isa = PBXSourcesBuildPhase;
			buildActionMask = 2147483647;
			files = (
				455095322B1C894000DF8E19 /* PDFDetailViewModelTests.swift in Sources */,
				455095232B1C6A2000DF8E19 /* PDFListViewModelTests.swift in Sources */,
				4550952C2B1C6B0200DF8E19 /* MockRepository.swift in Sources */,
			);
			runOnlyForDeploymentPostprocessing = 0;
		};
/* End PBXSourcesBuildPhase section */

/* Begin PBXTargetDependency section */
		455095252B1C6A2000DF8E19 /* PBXTargetDependency */ = {
			isa = PBXTargetDependency;
			target = 4513EDAF2AD3C52100939A6E /* PDFViewer */;
			targetProxy = 455095242B1C6A2000DF8E19 /* PBXContainerItemProxy */;
		};
/* End PBXTargetDependency section */

/* Begin PBXVariantGroup section */
		4513EDBE2AD3C52200939A6E /* LaunchScreen.storyboard */ = {
			isa = PBXVariantGroup;
			children = (
				4513EDBF2AD3C52200939A6E /* Base */,
			);
			name = LaunchScreen.storyboard;
			sourceTree = "<group>";
		};
/* End PBXVariantGroup section */

/* Begin XCBuildConfiguration section */
		4513EDC22AD3C52200939A6E /* Debug */ = {
			isa = XCBuildConfiguration;
			buildSettings = {
				ALWAYS_SEARCH_USER_PATHS = NO;
				CLANG_ANALYZER_NONNULL = YES;
				CLANG_ANALYZER_NUMBER_OBJECT_CONVERSION = YES_AGGRESSIVE;
				CLANG_CXX_LANGUAGE_STANDARD = "gnu++20";
				CLANG_ENABLE_MODULES = YES;
				CLANG_ENABLE_OBJC_ARC = YES;
				CLANG_ENABLE_OBJC_WEAK = YES;
				CLANG_WARN_BLOCK_CAPTURE_AUTORELEASING = YES;
				CLANG_WARN_BOOL_CONVERSION = YES;
				CLANG_WARN_COMMA = YES;
				CLANG_WARN_CONSTANT_CONVERSION = YES;
				CLANG_WARN_DEPRECATED_OBJC_IMPLEMENTATIONS = YES;
				CLANG_WARN_DIRECT_OBJC_ISA_USAGE = YES_ERROR;
				CLANG_WARN_DOCUMENTATION_COMMENTS = YES;
				CLANG_WARN_EMPTY_BODY = YES;
				CLANG_WARN_ENUM_CONVERSION = YES;
				CLANG_WARN_INFINITE_RECURSION = YES;
				CLANG_WARN_INT_CONVERSION = YES;
				CLANG_WARN_NON_LITERAL_NULL_CONVERSION = YES;
				CLANG_WARN_OBJC_IMPLICIT_RETAIN_SELF = YES;
				CLANG_WARN_OBJC_LITERAL_CONVERSION = YES;
				CLANG_WARN_OBJC_ROOT_CLASS = YES_ERROR;
				CLANG_WARN_QUOTED_INCLUDE_IN_FRAMEWORK_HEADER = YES;
				CLANG_WARN_RANGE_LOOP_ANALYSIS = YES;
				CLANG_WARN_STRICT_PROTOTYPES = YES;
				CLANG_WARN_SUSPICIOUS_MOVE = YES;
				CLANG_WARN_UNGUARDED_AVAILABILITY = YES_AGGRESSIVE;
				CLANG_WARN_UNREACHABLE_CODE = YES;
				CLANG_WARN__DUPLICATE_METHOD_MATCH = YES;
				COPY_PHASE_STRIP = NO;
				DEBUG_INFORMATION_FORMAT = dwarf;
				ENABLE_STRICT_OBJC_MSGSEND = YES;
				ENABLE_TESTABILITY = YES;
				GCC_C_LANGUAGE_STANDARD = gnu11;
				GCC_DYNAMIC_NO_PIC = NO;
				GCC_NO_COMMON_BLOCKS = YES;
				GCC_OPTIMIZATION_LEVEL = 0;
				GCC_PREPROCESSOR_DEFINITIONS = (
					"DEBUG=1",
					"$(inherited)",
				);
				GCC_WARN_64_TO_32_BIT_CONVERSION = YES;
				GCC_WARN_ABOUT_RETURN_TYPE = YES_ERROR;
				GCC_WARN_UNDECLARED_SELECTOR = YES;
				GCC_WARN_UNINITIALIZED_AUTOS = YES_AGGRESSIVE;
				GCC_WARN_UNUSED_FUNCTION = YES;
				GCC_WARN_UNUSED_VARIABLE = YES;
				IPHONEOS_DEPLOYMENT_TARGET = 16.4;
				MTL_ENABLE_DEBUG_INFO = INCLUDE_SOURCE;
				MTL_FAST_MATH = YES;
				ONLY_ACTIVE_ARCH = YES;
				SDKROOT = iphoneos;
				SWIFT_ACTIVE_COMPILATION_CONDITIONS = DEBUG;
				SWIFT_OPTIMIZATION_LEVEL = "-Onone";
			};
			name = Debug;
		};
		4513EDC32AD3C52200939A6E /* Release */ = {
			isa = XCBuildConfiguration;
			buildSettings = {
				ALWAYS_SEARCH_USER_PATHS = NO;
				CLANG_ANALYZER_NONNULL = YES;
				CLANG_ANALYZER_NUMBER_OBJECT_CONVERSION = YES_AGGRESSIVE;
				CLANG_CXX_LANGUAGE_STANDARD = "gnu++20";
				CLANG_ENABLE_MODULES = YES;
				CLANG_ENABLE_OBJC_ARC = YES;
				CLANG_ENABLE_OBJC_WEAK = YES;
				CLANG_WARN_BLOCK_CAPTURE_AUTORELEASING = YES;
				CLANG_WARN_BOOL_CONVERSION = YES;
				CLANG_WARN_COMMA = YES;
				CLANG_WARN_CONSTANT_CONVERSION = YES;
				CLANG_WARN_DEPRECATED_OBJC_IMPLEMENTATIONS = YES;
				CLANG_WARN_DIRECT_OBJC_ISA_USAGE = YES_ERROR;
				CLANG_WARN_DOCUMENTATION_COMMENTS = YES;
				CLANG_WARN_EMPTY_BODY = YES;
				CLANG_WARN_ENUM_CONVERSION = YES;
				CLANG_WARN_INFINITE_RECURSION = YES;
				CLANG_WARN_INT_CONVERSION = YES;
				CLANG_WARN_NON_LITERAL_NULL_CONVERSION = YES;
				CLANG_WARN_OBJC_IMPLICIT_RETAIN_SELF = YES;
				CLANG_WARN_OBJC_LITERAL_CONVERSION = YES;
				CLANG_WARN_OBJC_ROOT_CLASS = YES_ERROR;
				CLANG_WARN_QUOTED_INCLUDE_IN_FRAMEWORK_HEADER = YES;
				CLANG_WARN_RANGE_LOOP_ANALYSIS = YES;
				CLANG_WARN_STRICT_PROTOTYPES = YES;
				CLANG_WARN_SUSPICIOUS_MOVE = YES;
				CLANG_WARN_UNGUARDED_AVAILABILITY = YES_AGGRESSIVE;
				CLANG_WARN_UNREACHABLE_CODE = YES;
				CLANG_WARN__DUPLICATE_METHOD_MATCH = YES;
				COPY_PHASE_STRIP = NO;
				DEBUG_INFORMATION_FORMAT = "dwarf-with-dsym";
				ENABLE_NS_ASSERTIONS = NO;
				ENABLE_STRICT_OBJC_MSGSEND = YES;
				GCC_C_LANGUAGE_STANDARD = gnu11;
				GCC_NO_COMMON_BLOCKS = YES;
				GCC_WARN_64_TO_32_BIT_CONVERSION = YES;
				GCC_WARN_ABOUT_RETURN_TYPE = YES_ERROR;
				GCC_WARN_UNDECLARED_SELECTOR = YES;
				GCC_WARN_UNINITIALIZED_AUTOS = YES_AGGRESSIVE;
				GCC_WARN_UNUSED_FUNCTION = YES;
				GCC_WARN_UNUSED_VARIABLE = YES;
				IPHONEOS_DEPLOYMENT_TARGET = 16.4;
				MTL_ENABLE_DEBUG_INFO = NO;
				MTL_FAST_MATH = YES;
				SDKROOT = iphoneos;
				SWIFT_COMPILATION_MODE = wholemodule;
				SWIFT_OPTIMIZATION_LEVEL = "-O";
				VALIDATE_PRODUCT = YES;
			};
			name = Release;
		};
		4513EDC52AD3C52200939A6E /* Debug */ = {
			isa = XCBuildConfiguration;
			buildSettings = {
				ASSETCATALOG_COMPILER_APPICON_NAME = AppIcon;
				ASSETCATALOG_COMPILER_GLOBAL_ACCENT_COLOR_NAME = AccentColor;
				CODE_SIGN_STYLE = Automatic;
				CURRENT_PROJECT_VERSION = 1;
				GENERATE_INFOPLIST_FILE = YES;
				INFOPLIST_FILE = PDFViewer/Resource/Info.plist;
				INFOPLIST_KEY_UIApplicationSupportsIndirectInputEvents = YES;
				INFOPLIST_KEY_UILaunchStoryboardName = LaunchScreen;
				INFOPLIST_KEY_UISupportedInterfaceOrientations_iPad = "UIInterfaceOrientationPortrait UIInterfaceOrientationPortraitUpsideDown UIInterfaceOrientationLandscapeLeft UIInterfaceOrientationLandscapeRight";
				INFOPLIST_KEY_UISupportedInterfaceOrientations_iPhone = "UIInterfaceOrientationPortrait UIInterfaceOrientationLandscapeLeft UIInterfaceOrientationLandscapeRight";
				IPHONEOS_DEPLOYMENT_TARGET = 15.0;
				LD_RUNPATH_SEARCH_PATHS = (
					"$(inherited)",
					"@executable_path/Frameworks",
				);
				MARKETING_VERSION = 1.0;
				PRODUCT_BUNDLE_IDENTIFIER = com.hyeonsu.PDFViewer;
				PRODUCT_NAME = "$(TARGET_NAME)";
				SUPPORTED_PLATFORMS = "iphoneos iphonesimulator";
				SUPPORTS_MACCATALYST = NO;
				SUPPORTS_MAC_DESIGNED_FOR_IPHONE_IPAD = YES;
				SWIFT_EMIT_LOC_STRINGS = YES;
				SWIFT_VERSION = 5.0;
				TARGETED_DEVICE_FAMILY = 1;
			};
			name = Debug;
		};
		4513EDC62AD3C52200939A6E /* Release */ = {
			isa = XCBuildConfiguration;
			buildSettings = {
				ASSETCATALOG_COMPILER_APPICON_NAME = AppIcon;
				ASSETCATALOG_COMPILER_GLOBAL_ACCENT_COLOR_NAME = AccentColor;
				CODE_SIGN_STYLE = Automatic;
				CURRENT_PROJECT_VERSION = 1;
				GENERATE_INFOPLIST_FILE = YES;
				INFOPLIST_FILE = PDFViewer/Resource/Info.plist;
				INFOPLIST_KEY_UIApplicationSupportsIndirectInputEvents = YES;
				INFOPLIST_KEY_UILaunchStoryboardName = LaunchScreen;
				INFOPLIST_KEY_UISupportedInterfaceOrientations_iPad = "UIInterfaceOrientationPortrait UIInterfaceOrientationPortraitUpsideDown UIInterfaceOrientationLandscapeLeft UIInterfaceOrientationLandscapeRight";
				INFOPLIST_KEY_UISupportedInterfaceOrientations_iPhone = "UIInterfaceOrientationPortrait UIInterfaceOrientationLandscapeLeft UIInterfaceOrientationLandscapeRight";
				IPHONEOS_DEPLOYMENT_TARGET = 15.0;
				LD_RUNPATH_SEARCH_PATHS = (
					"$(inherited)",
					"@executable_path/Frameworks",
				);
				MARKETING_VERSION = 1.0;
				PRODUCT_BUNDLE_IDENTIFIER = com.hyeonsu.PDFViewer;
				PRODUCT_NAME = "$(TARGET_NAME)";
				SUPPORTED_PLATFORMS = "iphoneos iphonesimulator";
				SUPPORTS_MACCATALYST = NO;
				SUPPORTS_MAC_DESIGNED_FOR_IPHONE_IPAD = YES;
				SWIFT_EMIT_LOC_STRINGS = YES;
				SWIFT_VERSION = 5.0;
				TARGETED_DEVICE_FAMILY = 1;
			};
			name = Release;
		};
		455095262B1C6A2000DF8E19 /* Debug */ = {
			isa = XCBuildConfiguration;
			buildSettings = {
				BUNDLE_LOADER = "$(TEST_HOST)";
				CODE_SIGN_STYLE = Automatic;
				CURRENT_PROJECT_VERSION = 1;
				GENERATE_INFOPLIST_FILE = YES;
				IPHONEOS_DEPLOYMENT_TARGET = 16.4;
				MACOSX_DEPLOYMENT_TARGET = 13.0;
				MARKETING_VERSION = 1.0;
				PRODUCT_BUNDLE_IDENTIFIER = com.hyeonsu.PDFViewerTests;
				PRODUCT_NAME = "$(TARGET_NAME)";
				SDKROOT = auto;
				SUPPORTED_PLATFORMS = "iphoneos iphonesimulator macosx";
				SWIFT_EMIT_LOC_STRINGS = NO;
				SWIFT_VERSION = 5.0;
				TARGETED_DEVICE_FAMILY = "1,2";
				TEST_HOST = "$(BUILT_PRODUCTS_DIR)/PDFViewer.app/$(BUNDLE_EXECUTABLE_FOLDER_PATH)/PDFViewer";
			};
			name = Debug;
		};
		455095272B1C6A2000DF8E19 /* Release */ = {
			isa = XCBuildConfiguration;
			buildSettings = {
				BUNDLE_LOADER = "$(TEST_HOST)";
				CODE_SIGN_STYLE = Automatic;
				CURRENT_PROJECT_VERSION = 1;
				GENERATE_INFOPLIST_FILE = YES;
				IPHONEOS_DEPLOYMENT_TARGET = 16.4;
				MACOSX_DEPLOYMENT_TARGET = 13.0;
				MARKETING_VERSION = 1.0;
				PRODUCT_BUNDLE_IDENTIFIER = com.hyeonsu.PDFViewerTests;
				PRODUCT_NAME = "$(TARGET_NAME)";
				SDKROOT = auto;
				SUPPORTED_PLATFORMS = "iphoneos iphonesimulator macosx";
				SWIFT_EMIT_LOC_STRINGS = NO;
				SWIFT_VERSION = 5.0;
				TARGETED_DEVICE_FAMILY = "1,2";
				TEST_HOST = "$(BUILT_PRODUCTS_DIR)/PDFViewer.app/$(BUNDLE_EXECUTABLE_FOLDER_PATH)/PDFViewer";
			};
			name = Release;
		};
/* End XCBuildConfiguration section */

/* Begin XCConfigurationList section */
		4513EDAB2AD3C52100939A6E /* Build configuration list for PBXProject "PDFViewer" */ = {
			isa = XCConfigurationList;
			buildConfigurations = (
				4513EDC22AD3C52200939A6E /* Debug */,
				4513EDC32AD3C52200939A6E /* Release */,
			);
			defaultConfigurationIsVisible = 0;
			defaultConfigurationName = Release;
		};
		4513EDC42AD3C52200939A6E /* Build configuration list for PBXNativeTarget "PDFViewer" */ = {
			isa = XCConfigurationList;
			buildConfigurations = (
				4513EDC52AD3C52200939A6E /* Debug */,
				4513EDC62AD3C52200939A6E /* Release */,
			);
			defaultConfigurationIsVisible = 0;
			defaultConfigurationName = Release;
		};
		455095282B1C6A2000DF8E19 /* Build configuration list for PBXNativeTarget "PDFViewerTests" */ = {
			isa = XCConfigurationList;
			buildConfigurations = (
				455095262B1C6A2000DF8E19 /* Debug */,
				455095272B1C6A2000DF8E19 /* Release */,
			);
			defaultConfigurationIsVisible = 0;
			defaultConfigurationName = Release;
		};
/* End XCConfigurationList section */

/* Begin XCRemoteSwiftPackageReference section */
		45CD1B7B2ADD25AE002DEC57 /* XCRemoteSwiftPackageReference "realm-cocoa" */ = {
			isa = XCRemoteSwiftPackageReference;
			repositoryURL = "https://github.com/realm/realm-cocoa.git";
			requirement = {
				branch = master;
				kind = branch;
			};
		};
/* End XCRemoteSwiftPackageReference section */

/* Begin XCSwiftPackageProductDependency section */
		4550952E2B1C729400DF8E19 /* RealmSwift */ = {
			isa = XCSwiftPackageProductDependency;
			package = 45CD1B7B2ADD25AE002DEC57 /* XCRemoteSwiftPackageReference "realm-cocoa" */;
			productName = RealmSwift;
		};
		45CD1B7C2ADD25AE002DEC57 /* RealmSwift */ = {
			isa = XCSwiftPackageProductDependency;
			package = 45CD1B7B2ADD25AE002DEC57 /* XCRemoteSwiftPackageReference "realm-cocoa" */;
			productName = RealmSwift;
		};
/* End XCSwiftPackageProductDependency section */
	};
	rootObject = 4513EDA82AD3C52100939A6E /* Project object */;
}
